
Microsoft Visual Studio Solution File, Format Version 12.00
# Visual Studio Version 16
VisualStudioVersion = 16.0.30320.27
MinimumVisualStudioVersion = 10.0.40219.1
Project("{FAE04EC0-301F-11D3-BF4B-00C04F79EFBC}") = "Wksheet2_ForLoops", "Wksheet2_ForLoops.csproj", "{3F51AF0C-5998-4F07-B3B9-91726E3DD176}"
EndProject
Global
	GlobalSection(SolutionConfigurationPlatforms) = preSolution
		Debug|Any CPU = Debug|Any CPU
		Release|Any CPU = Release|Any CPU
	EndGlobalSection
	GlobalSection(ProjectConfigurationPlatforms) = postSolution
		{3F51AF0C-5998-4F07-B3B9-91726E3DD176}.Debug|Any CPU.ActiveCfg = Debug|Any CPU
		{3F51AF0C-5998-4F07-B3B9-91726E3DD176}.Debug|Any CPU.Build.0 = Debug|Any CPU
		{3F51AF0C-5998-4F07-B3B9-91726E3DD176}.Release|Any CPU.ActiveCfg = Release|Any CPU
		{3F51AF0C-5998-4F07-B3B9-91726E3DD176}.Release|Any CPU.Build.0 = Release|Any CPU
	EndGlobalSection
	GlobalSection(SolutionProperties) = preSolution
		HideSolutionNode = FALSE
	EndGlobalSection
	GlobalSection(ExtensibilityGlobals) = postSolution
		SolutionGuid = {DB2312E3-6642-41FE-9415-1209834FB93A}
	EndGlobalSection
EndGlobal
