
Microsoft Visual Studio Solution File, Format Version 12.00
# Visual Studio Version 16
VisualStudioVersion = 16.0.30320.27
MinimumVisualStudioVersion = 10.0.40219.1
Project("{FAE04EC0-301F-11D3-BF4B-00C04F79EFBC}") = "Wksheet2_1", "Wksheet2_1.csproj", "{296271E5-28D3-46DD-A773-14C956C1DF07}"
EndProject
Global
	GlobalSection(SolutionConfigurationPlatforms) = preSolution
		Debug|Any CPU = Debug|Any CPU
		Release|Any CPU = Release|Any CPU
	EndGlobalSection
	GlobalSection(ProjectConfigurationPlatforms) = postSolution
		{296271E5-28D3-46DD-A773-14C956C1DF07}.Debug|Any CPU.ActiveCfg = Debug|Any CPU
		{296271E5-28D3-46DD-A773-14C956C1DF07}.Debug|Any CPU.Build.0 = Debug|Any CPU
		{296271E5-28D3-46DD-A773-14C956C1DF07}.Release|Any CPU.ActiveCfg = Release|Any CPU
		{296271E5-28D3-46DD-A773-14C956C1DF07}.Release|Any CPU.Build.0 = Release|Any CPU
	EndGlobalSection
	GlobalSection(SolutionProperties) = preSolution
		HideSolutionNode = FALSE
	EndGlobalSection
	GlobalSection(ExtensibilityGlobals) = postSolution
		SolutionGuid = {C4EA3771-D3F8-4677-8AD2-6160F9B71EB9}
	EndGlobalSection
EndGlobal
